
Microsoft Visual Studio Solution File, Format Version 12.00
# Visual Studio Version 16
VisualStudioVersion = 16.0.31515.178
MinimumVisualStudioVersion = 10.0.40219.1
Project("{9A19103F-16F7-4668-BE54-9A1E7A4F7556}") = "modul3Oblig", "modul3Oblig\modul3Oblig.csproj", "{3C84D49B-9E39-4F43-AA09-D67C05B8F549}"
EndProject
Project("{FAE04EC0-301F-11D3-BF4B-00C04F79EFBC}") = "Modul3Oblig1NunitTest", "Modul3Oblig1NunitTest\Modul3Oblig1NunitTest.csproj", "{084B5CA2-DC55-45D4-AE93-25CF49B0491F}"
EndProject
Global
	GlobalSection(SolutionConfigurationPlatforms) = preSolution
		Debug|Any CPU = Debug|Any CPU
		Release|Any CPU = Release|Any CPU
	EndGlobalSection
	GlobalSection(ProjectConfigurationPlatforms) = postSolution
		{3C84D49B-9E39-4F43-AA09-D67C05B8F549}.Debug|Any CPU.ActiveCfg = Debug|Any CPU
		{3C84D49B-9E39-4F43-AA09-D67C05B8F549}.Debug|Any CPU.Build.0 = Debug|Any CPU
		{3C84D49B-9E39-4F43-AA09-D67C05B8F549}.Release|Any CPU.ActiveCfg = Release|Any CPU
		{3C84D49B-9E39-4F43-AA09-D67C05B8F549}.Release|Any CPU.Build.0 = Release|Any CPU
		{084B5CA2-DC55-45D4-AE93-25CF49B0491F}.Debug|Any CPU.ActiveCfg = Debug|Any CPU
		{084B5CA2-DC55-45D4-AE93-25CF49B0491F}.Debug|Any CPU.Build.0 = Debug|Any CPU
		{084B5CA2-DC55-45D4-AE93-25CF49B0491F}.Release|Any CPU.ActiveCfg = Release|Any CPU
		{084B5CA2-DC55-45D4-AE93-25CF49B0491F}.Release|Any CPU.Build.0 = Release|Any CPU
	EndGlobalSection
	GlobalSection(SolutionProperties) = preSolution
		HideSolutionNode = FALSE
	EndGlobalSection
	GlobalSection(ExtensibilityGlobals) = postSolution
		SolutionGuid = {8B7F10F6-E0F5-458E-922C-A39EAD0908DE}
	EndGlobalSection
EndGlobal
